
Microsoft Visual Studio Solution File, Format Version 12.00
# Visual Studio Version 17
VisualStudioVersion = 17.4.33110.190
MinimumVisualStudioVersion = 10.0.40219.1
Project("{FAE04EC0-301F-11D3-BF4B-00C04F79EFBC}") = "Programming project", "Programming project.csproj", "{8B763628-EEF8-4A22-AAAE-4F397746873F}"
EndProject
Global
	GlobalSection(SolutionConfigurationPlatforms) = preSolution
		Debug|Any CPU = Debug|Any CPU
		Release|Any CPU = Release|Any CPU
	EndGlobalSection
	GlobalSection(ProjectConfigurationPlatforms) = postSolution
		{8B763628-EEF8-4A22-AAAE-4F397746873F}.Debug|Any CPU.ActiveCfg = Debug|Any CPU
		{8B763628-EEF8-4A22-AAAE-4F397746873F}.Debug|Any CPU.Build.0 = Debug|Any CPU
		{8B763628-EEF8-4A22-AAAE-4F397746873F}.Release|Any CPU.ActiveCfg = Release|Any CPU
		{8B763628-EEF8-4A22-AAAE-4F397746873F}.Release|Any CPU.Build.0 = Release|Any CPU
	EndGlobalSection
	GlobalSection(SolutionProperties) = preSolution
		HideSolutionNode = FALSE
	EndGlobalSection
	GlobalSection(ExtensibilityGlobals) = postSolution
		SolutionGuid = {8F8A8748-5D4B-42CB-96FE-7FC414AFFDFD}
	EndGlobalSection
EndGlobal
